
Microsoft Visual Studio Solution File, Format Version 12.00
# Visual Studio 15
VisualStudioVersion = 15.0.27703.2042
MinimumVisualStudioVersion = 10.0.40219.1
Project("{FAE04EC0-301F-11D3-BF4B-00C04F79EFBC}") = "ClientFeatures", "ClientFeatures\ClientFeatures.csproj", "{41250F73-1152-45B7-853D-A524E0B473FB}"
EndProject
Global
	GlobalSection(SolutionConfigurationPlatforms) = preSolution
		Debug|Any CPU = Debug|Any CPU
		Release|Any CPU = Release|Any CPU
	EndGlobalSection
	GlobalSection(ProjectConfigurationPlatforms) = postSolution
		{41250F73-1152-45B7-853D-A524E0B473FB}.Debug|Any CPU.ActiveCfg = Debug|Any CPU
		{41250F73-1152-45B7-853D-A524E0B473FB}.Debug|Any CPU.Build.0 = Debug|Any CPU
		{41250F73-1152-45B7-853D-A524E0B473FB}.Release|Any CPU.ActiveCfg = Release|Any CPU
		{41250F73-1152-45B7-853D-A524E0B473FB}.Release|Any CPU.Build.0 = Release|Any CPU
	EndGlobalSection
	GlobalSection(SolutionProperties) = preSolution
		HideSolutionNode = FALSE
	EndGlobalSection
	GlobalSection(ExtensibilityGlobals) = postSolution
		SolutionGuid = {3E969361-BE05-4C65-9CA3-A894722D3A62}
	EndGlobalSection
EndGlobal
