
Microsoft Visual Studio Solution File, Format Version 12.00
# Visual Studio 15
VisualStudioVersion = 15.0.27703.2042
MinimumVisualStudioVersion = 10.0.40219.1
Project("{FAE04EC0-301F-11D3-BF4B-00C04F79EFBC}") = "MvcModels", "MvcModels\MvcModels.csproj", "{B44A9C23-3EFF-438B-9458-951460A431AB}"
EndProject
Global
	GlobalSection(SolutionConfigurationPlatforms) = preSolution
		Debug|Any CPU = Debug|Any CPU
		Release|Any CPU = Release|Any CPU
	EndGlobalSection
	GlobalSection(ProjectConfigurationPlatforms) = postSolution
		{B44A9C23-3EFF-438B-9458-951460A431AB}.Debug|Any CPU.ActiveCfg = Debug|Any CPU
		{B44A9C23-3EFF-438B-9458-951460A431AB}.Debug|Any CPU.Build.0 = Debug|Any CPU
		{B44A9C23-3EFF-438B-9458-951460A431AB}.Release|Any CPU.ActiveCfg = Release|Any CPU
		{B44A9C23-3EFF-438B-9458-951460A431AB}.Release|Any CPU.Build.0 = Release|Any CPU
	EndGlobalSection
	GlobalSection(SolutionProperties) = preSolution
		HideSolutionNode = FALSE
	EndGlobalSection
	GlobalSection(ExtensibilityGlobals) = postSolution
		SolutionGuid = {0C0FFCCF-D421-46A2-AE5B-F4ADCDD2F7CF}
	EndGlobalSection
EndGlobal
