
Microsoft Visual Studio Solution File, Format Version 12.00
# Visual Studio 15
VisualStudioVersion = 15.0.27703.2042
MinimumVisualStudioVersion = 10.0.40219.1
Project("{FAE04EC0-301F-11D3-BF4B-00C04F79EFBC}") = "UrlsAndRoutes", "UrlsAndRoutes\UrlsAndRoutes.csproj", "{79CB4897-30C2-4FEB-A5CB-F734C6A4AE78}"
EndProject
Project("{FAE04EC0-301F-11D3-BF4B-00C04F79EFBC}") = "UrlsAndRoutes.Tests", "UrlsAndRoutes.Tests\UrlsAndRoutes.Tests.csproj", "{9E3CDAC3-55EB-4F33-B5FD-5983F1C22A92}"
EndProject
Global
	GlobalSection(SolutionConfigurationPlatforms) = preSolution
		Debug|Any CPU = Debug|Any CPU
		Release|Any CPU = Release|Any CPU
	EndGlobalSection
	GlobalSection(ProjectConfigurationPlatforms) = postSolution
		{79CB4897-30C2-4FEB-A5CB-F734C6A4AE78}.Debug|Any CPU.ActiveCfg = Debug|Any CPU
		{79CB4897-30C2-4FEB-A5CB-F734C6A4AE78}.Debug|Any CPU.Build.0 = Debug|Any CPU
		{79CB4897-30C2-4FEB-A5CB-F734C6A4AE78}.Release|Any CPU.ActiveCfg = Release|Any CPU
		{79CB4897-30C2-4FEB-A5CB-F734C6A4AE78}.Release|Any CPU.Build.0 = Release|Any CPU
		{9E3CDAC3-55EB-4F33-B5FD-5983F1C22A92}.Debug|Any CPU.ActiveCfg = Debug|Any CPU
		{9E3CDAC3-55EB-4F33-B5FD-5983F1C22A92}.Debug|Any CPU.Build.0 = Debug|Any CPU
		{9E3CDAC3-55EB-4F33-B5FD-5983F1C22A92}.Release|Any CPU.ActiveCfg = Release|Any CPU
		{9E3CDAC3-55EB-4F33-B5FD-5983F1C22A92}.Release|Any CPU.Build.0 = Release|Any CPU
	EndGlobalSection
	GlobalSection(SolutionProperties) = preSolution
		HideSolutionNode = FALSE
	EndGlobalSection
	GlobalSection(ExtensibilityGlobals) = postSolution
		SolutionGuid = {5E875B9F-614F-43DD-AAE4-921FAD985129}
	EndGlobalSection
EndGlobal
