
Microsoft Visual Studio Solution File, Format Version 12.00
# Visual Studio 15
VisualStudioVersion = 15.0.27703.2042
MinimumVisualStudioVersion = 10.0.40219.1
Project("{FAE04EC0-301F-11D3-BF4B-00C04F79EFBC}") = "ControllersAndActions", "ControllersAndActions\ControllersAndActions.csproj", "{33C72509-331F-4B8C-A565-273A66B0D686}"
EndProject
Project("{FAE04EC0-301F-11D3-BF4B-00C04F79EFBC}") = "ControllersAndActions.Tests", "ControllersAndActions.Tests\ControllersAndActions.Tests.csproj", "{32CDB50A-935F-4E31-8280-3E227AB79858}"
EndProject
Global
	GlobalSection(SolutionConfigurationPlatforms) = preSolution
		Debug|Any CPU = Debug|Any CPU
		Release|Any CPU = Release|Any CPU
	EndGlobalSection
	GlobalSection(ProjectConfigurationPlatforms) = postSolution
		{33C72509-331F-4B8C-A565-273A66B0D686}.Debug|Any CPU.ActiveCfg = Debug|Any CPU
		{33C72509-331F-4B8C-A565-273A66B0D686}.Debug|Any CPU.Build.0 = Debug|Any CPU
		{33C72509-331F-4B8C-A565-273A66B0D686}.Release|Any CPU.ActiveCfg = Release|Any CPU
		{33C72509-331F-4B8C-A565-273A66B0D686}.Release|Any CPU.Build.0 = Release|Any CPU
		{32CDB50A-935F-4E31-8280-3E227AB79858}.Debug|Any CPU.ActiveCfg = Debug|Any CPU
		{32CDB50A-935F-4E31-8280-3E227AB79858}.Debug|Any CPU.Build.0 = Debug|Any CPU
		{32CDB50A-935F-4E31-8280-3E227AB79858}.Release|Any CPU.ActiveCfg = Release|Any CPU
		{32CDB50A-935F-4E31-8280-3E227AB79858}.Release|Any CPU.Build.0 = Release|Any CPU
	EndGlobalSection
	GlobalSection(SolutionProperties) = preSolution
		HideSolutionNode = FALSE
	EndGlobalSection
	GlobalSection(ExtensibilityGlobals) = postSolution
		SolutionGuid = {46494CFF-BBCC-4651-83D8-B19738B9BCE8}
	EndGlobalSection
EndGlobal
