
Microsoft Visual Studio Solution File, Format Version 12.00
# Visual Studio 15
VisualStudioVersion = 15.0.28307.438
MinimumVisualStudioVersion = 10.0.40219.1
Project("{FAE04EC0-301F-11D3-BF4B-00C04F79EFBC}") = "Razor", "Razor\Razor.csproj", "{5131AC4E-522A-4B90-8BF5-867ADA593CF3}"
EndProject
Global
	GlobalSection(SolutionConfigurationPlatforms) = preSolution
		Debug|Any CPU = Debug|Any CPU
		Release|Any CPU = Release|Any CPU
	EndGlobalSection
	GlobalSection(ProjectConfigurationPlatforms) = postSolution
		{5131AC4E-522A-4B90-8BF5-867ADA593CF3}.Debug|Any CPU.ActiveCfg = Debug|Any CPU
		{5131AC4E-522A-4B90-8BF5-867ADA593CF3}.Debug|Any CPU.Build.0 = Debug|Any CPU
		{5131AC4E-522A-4B90-8BF5-867ADA593CF3}.Release|Any CPU.ActiveCfg = Release|Any CPU
		{5131AC4E-522A-4B90-8BF5-867ADA593CF3}.Release|Any CPU.Build.0 = Release|Any CPU
	EndGlobalSection
	GlobalSection(SolutionProperties) = preSolution
		HideSolutionNode = FALSE
	EndGlobalSection
	GlobalSection(ExtensibilityGlobals) = postSolution
		SolutionGuid = {F762EC49-3DA8-4490-AB03-E93BA0A8D390}
	EndGlobalSection
EndGlobal
